
Microsoft Visual Studio Solution File, Format Version 12.00
# Visual Studio 14
VisualStudioVersion = 14.0.25420.1
MinimumVisualStudioVersion = 10.0.40219.1
Project("{FAE04EC0-301F-11D3-BF4B-00C04F79EFBC}") = "PTS.Data", "PTS.Data\PTS.Data.csproj", "{FA5E5B44-843D-44FA-83DC-A25CF8926460}"
EndProject
Project("{FAE04EC0-301F-11D3-BF4B-00C04F79EFBC}") = "PTS.WebAPI", "PTS.WebAPI\PTS.WebAPI.csproj", "{6EB5CF6B-D4B4-47B9-B9B4-BBE40012F298}"
EndProject
Project("{FAE04EC0-301F-11D3-BF4B-00C04F79EFBC}") = "PTS.WebAPI.Tests", "PTS.WebAPI.Tests\PTS.WebAPI.Tests.csproj", "{73105B19-82B2-4244-8D3F-1117F9E8F4BF}"
EndProject
Project("{FAE04EC0-301F-11D3-BF4B-00C04F79EFBC}") = "PTS.Business", "PTS.Business\PTS.Business.csproj", "{80268087-04F4-498C-A694-7F2E692FD056}"
EndProject
Global
	GlobalSection(SolutionConfigurationPlatforms) = preSolution
		Debug|Any CPU = Debug|Any CPU
		Release|Any CPU = Release|Any CPU
	EndGlobalSection
	GlobalSection(ProjectConfigurationPlatforms) = postSolution
		{FA5E5B44-843D-44FA-83DC-A25CF8926460}.Debug|Any CPU.ActiveCfg = Debug|Any CPU
		{FA5E5B44-843D-44FA-83DC-A25CF8926460}.Debug|Any CPU.Build.0 = Debug|Any CPU
		{FA5E5B44-843D-44FA-83DC-A25CF8926460}.Release|Any CPU.ActiveCfg = Release|Any CPU
		{FA5E5B44-843D-44FA-83DC-A25CF8926460}.Release|Any CPU.Build.0 = Release|Any CPU
		{6EB5CF6B-D4B4-47B9-B9B4-BBE40012F298}.Debug|Any CPU.ActiveCfg = Debug|Any CPU
		{6EB5CF6B-D4B4-47B9-B9B4-BBE40012F298}.Debug|Any CPU.Build.0 = Debug|Any CPU
		{6EB5CF6B-D4B4-47B9-B9B4-BBE40012F298}.Release|Any CPU.ActiveCfg = Release|Any CPU
		{6EB5CF6B-D4B4-47B9-B9B4-BBE40012F298}.Release|Any CPU.Build.0 = Release|Any CPU
		{73105B19-82B2-4244-8D3F-1117F9E8F4BF}.Debug|Any CPU.ActiveCfg = Debug|Any CPU
		{73105B19-82B2-4244-8D3F-1117F9E8F4BF}.Debug|Any CPU.Build.0 = Debug|Any CPU
		{73105B19-82B2-4244-8D3F-1117F9E8F4BF}.Release|Any CPU.ActiveCfg = Release|Any CPU
		{73105B19-82B2-4244-8D3F-1117F9E8F4BF}.Release|Any CPU.Build.0 = Release|Any CPU
		{80268087-04F4-498C-A694-7F2E692FD056}.Debug|Any CPU.ActiveCfg = Debug|Any CPU
		{80268087-04F4-498C-A694-7F2E692FD056}.Debug|Any CPU.Build.0 = Debug|Any CPU
		{80268087-04F4-498C-A694-7F2E692FD056}.Release|Any CPU.ActiveCfg = Release|Any CPU
		{80268087-04F4-498C-A694-7F2E692FD056}.Release|Any CPU.Build.0 = Release|Any CPU
	EndGlobalSection
	GlobalSection(SolutionProperties) = preSolution
		HideSolutionNode = FALSE
	EndGlobalSection
EndGlobal
